
Microsoft Visual Studio Solution File, Format Version 12.00
# Visual Studio Version 17
VisualStudioVersion = 17.8.34330.188
MinimumVisualStudioVersion = 10.0.40219.1
Project("{FAE04EC0-301F-11D3-BF4B-00C04F79EFBC}") = "Switchy", "Switchy\Switchy.csproj", "{0CB8A335-8331-45D4-BC63-5EE00C078F74}"
EndProject
Global
	GlobalSection(SolutionConfigurationPlatforms) = preSolution
		Debug|Any CPU = Debug|Any CPU
		Release|Any CPU = Release|Any CPU
	EndGlobalSection
	GlobalSection(ProjectConfigurationPlatforms) = postSolution
		{0CB8A335-8331-45D4-BC63-5EE00C078F74}.Debug|Any CPU.ActiveCfg = Debug|Any CPU
		{0CB8A335-8331-45D4-BC63-5EE00C078F74}.Debug|Any CPU.Build.0 = Debug|Any CPU
		{0CB8A335-8331-45D4-BC63-5EE00C078F74}.Release|Any CPU.ActiveCfg = Release|Any CPU
		{0CB8A335-8331-45D4-BC63-5EE00C078F74}.Release|Any CPU.Build.0 = Release|Any CPU
	EndGlobalSection
	GlobalSection(SolutionProperties) = preSolution
		HideSolutionNode = FALSE
	EndGlobalSection
	GlobalSection(ExtensibilityGlobals) = postSolution
		SolutionGuid = {F590C509-52C0-46A2-A569-AA63F11139EE}
	EndGlobalSection
EndGlobal
